
Microsoft Visual Studio Solution File, Format Version 12.00
# Visual Studio Version 17
VisualStudioVersion = 17.2.32616.157
MinimumVisualStudioVersion = 10.0.40219.1
Project("{FAE04EC0-301F-11D3-BF4B-00C04F79EFBC}") = "Relógio Digital", "Relógio Digital\Relógio Digital.csproj", "{B9BC2FE0-A100-447B-BF0D-265A11BF39C4}"
EndProject
Global
	GlobalSection(SolutionConfigurationPlatforms) = preSolution
		Debug|Any CPU = Debug|Any CPU
		Release|Any CPU = Release|Any CPU
	EndGlobalSection
	GlobalSection(ProjectConfigurationPlatforms) = postSolution
		{B9BC2FE0-A100-447B-BF0D-265A11BF39C4}.Debug|Any CPU.ActiveCfg = Debug|Any CPU
		{B9BC2FE0-A100-447B-BF0D-265A11BF39C4}.Debug|Any CPU.Build.0 = Debug|Any CPU
		{B9BC2FE0-A100-447B-BF0D-265A11BF39C4}.Release|Any CPU.ActiveCfg = Release|Any CPU
		{B9BC2FE0-A100-447B-BF0D-265A11BF39C4}.Release|Any CPU.Build.0 = Release|Any CPU
	EndGlobalSection
	GlobalSection(SolutionProperties) = preSolution
		HideSolutionNode = FALSE
	EndGlobalSection
	GlobalSection(ExtensibilityGlobals) = postSolution
		SolutionGuid = {4CBE8069-46B6-4143-980F-BF61003AD2C0}
	EndGlobalSection
EndGlobal
